
Microsoft Visual Studio Solution File, Format Version 12.00
# Visual Studio 15
VisualStudioVersion = 15.0.27130.2010
MinimumVisualStudioVersion = 10.0.40219.1
Project("{FAE04EC0-301F-11D3-BF4B-00C04F79EFBC}") = "OgameMobileProject.Android", "OgameMobileProject\OgameMobileProject.Android\OgameMobileProject.Android.csproj", "{FEA54FA8-A382-4B85-849F-7E3AAC692CAD}"
EndProject
Project("{FAE04EC0-301F-11D3-BF4B-00C04F79EFBC}") = "OgameMobileProject.iOS", "OgameMobileProject\OgameMobileProject.iOS\OgameMobileProject.iOS.csproj", "{24FE3F7B-4E7D-419E-87E3-C31C42EED796}"
EndProject
Project("{FAE04EC0-301F-11D3-BF4B-00C04F79EFBC}") = "OgameMobileProject.UWP", "OgameMobileProject\OgameMobileProject.UWP\OgameMobileProject.UWP.csproj", "{B43A54B9-77E6-4D35-A63F-1B43DE26427E}"
EndProject
Project("{FAE04EC0-301F-11D3-BF4B-00C04F79EFBC}") = "OgameMobileProject", "OgameMobileProject\OgameMobileProject\OgameMobileProject.csproj", "{BD4C7E3C-0A91-4C8B-B4A7-E556ACAFC7CE}"
EndProject
Global
	GlobalSection(SolutionConfigurationPlatforms) = preSolution
		Ad-Hoc|Any CPU = Ad-Hoc|Any CPU
		Ad-Hoc|ARM = Ad-Hoc|ARM
		Ad-Hoc|iPhone = Ad-Hoc|iPhone
		Ad-Hoc|iPhoneSimulator = Ad-Hoc|iPhoneSimulator
		Ad-Hoc|x64 = Ad-Hoc|x64
		Ad-Hoc|x86 = Ad-Hoc|x86
		AppStore|Any CPU = AppStore|Any CPU
		AppStore|ARM = AppStore|ARM
		AppStore|iPhone = AppStore|iPhone
		AppStore|iPhoneSimulator = AppStore|iPhoneSimulator
		AppStore|x64 = AppStore|x64
		AppStore|x86 = AppStore|x86
		Debug|Any CPU = Debug|Any CPU
		Debug|ARM = Debug|ARM
		Debug|iPhone = Debug|iPhone
		Debug|iPhoneSimulator = Debug|iPhoneSimulator
		Debug|x64 = Debug|x64
		Debug|x86 = Debug|x86
		Release|Any CPU = Release|Any CPU
		Release|ARM = Release|ARM
		Release|iPhone = Release|iPhone
		Release|iPhoneSimulator = Release|iPhoneSimulator
		Release|x64 = Release|x64
		Release|x86 = Release|x86
	EndGlobalSection
	GlobalSection(ProjectConfigurationPlatforms) = postSolution
		{FEA54FA8-A382-4B85-849F-7E3AAC692CAD}.Ad-Hoc|Any CPU.ActiveCfg = Release|Any CPU
		{FEA54FA8-A382-4B85-849F-7E3AAC692CAD}.Ad-Hoc|Any CPU.Build.0 = Release|Any CPU
		{FEA54FA8-A382-4B85-849F-7E3AAC692CAD}.Ad-Hoc|Any CPU.Deploy.0 = Release|Any CPU
		{FEA54FA8-A382-4B85-849F-7E3AAC692CAD}.Ad-Hoc|ARM.ActiveCfg = Release|Any CPU
		{FEA54FA8-A382-4B85-849F-7E3AAC692CAD}.Ad-Hoc|ARM.Build.0 = Release|Any CPU
		{FEA54FA8-A382-4B85-849F-7E3AAC692CAD}.Ad-Hoc|ARM.Deploy.0 = Release|Any CPU
		{FEA54FA8-A382-4B85-849F-7E3AAC692CAD}.Ad-Hoc|iPhone.ActiveCfg = Release|Any CPU
		{FEA54FA8-A382-4B85-849F-7E3AAC692CAD}.Ad-Hoc|iPhone.Build.0 = Release|Any CPU
		{FEA54FA8-A382-4B85-849F-7E3AAC692CAD}.Ad-Hoc|iPhone.Deploy.0 = Release|Any CPU
		{FEA54FA8-A382-4B85-849F-7E3AAC692CAD}.Ad-Hoc|iPhoneSimulator.ActiveCfg = Release|Any CPU
		{FEA54FA8-A382-4B85-849F-7E3AAC692CAD}.Ad-Hoc|iPhoneSimulator.Build.0 = Release|Any CPU
		{FEA54FA8-A382-4B85-849F-7E3AAC692CAD}.Ad-Hoc|iPhoneSimulator.Deploy.0 = Release|Any CPU
		{FEA54FA8-A382-4B85-849F-7E3AAC692CAD}.Ad-Hoc|x64.ActiveCfg = Release|Any CPU
		{FEA54FA8-A382-4B85-849F-7E3AAC692CAD}.Ad-Hoc|x64.Build.0 = Release|Any CPU
		{FEA54FA8-A382-4B85-849F-7E3AAC692CAD}.Ad-Hoc|x64.Deploy.0 = Release|Any CPU
		{FEA54FA8-A382-4B85-849F-7E3AAC692CAD}.Ad-Hoc|x86.ActiveCfg = Release|Any CPU
		{FEA54FA8-A382-4B85-849F-7E3AAC692CAD}.Ad-Hoc|x86.Build.0 = Release|Any CPU
		{FEA54FA8-A382-4B85-849F-7E3AAC692CAD}.Ad-Hoc|x86.Deploy.0 = Release|Any CPU
		{FEA54FA8-A382-4B85-849F-7E3AAC692CAD}.AppStore|Any CPU.ActiveCfg = Release|Any CPU
		{FEA54FA8-A382-4B85-849F-7E3AAC692CAD}.AppStore|Any CPU.Build.0 = Release|Any CPU
		{FEA54FA8-A382-4B85-849F-7E3AAC692CAD}.AppStore|Any CPU.Deploy.0 = Release|Any CPU
		{FEA54FA8-A382-4B85-849F-7E3AAC692CAD}.AppStore|ARM.ActiveCfg = Release|Any CPU
		{FEA54FA8-A382-4B85-849F-7E3AAC692CAD}.AppStore|ARM.Build.0 = Release|Any CPU
		{FEA54FA8-A382-4B85-849F-7E3AAC692CAD}.AppStore|ARM.Deploy.0 = Release|Any CPU
		{FEA54FA8-A382-4B85-849F-7E3AAC692CAD}.AppStore|iPhone.ActiveCfg = Release|Any CPU
		{FEA54FA8-A382-4B85-849F-7E3AAC692CAD}.AppStore|iPhone.Build.0 = Release|Any CPU
		{FEA54FA8-A382-4B85-849F-7E3AAC692CAD}.AppStore|iPhone.Deploy.0 = Release|Any CPU
		{FEA54FA8-A382-4B85-849F-7E3AAC692CAD}.AppStore|iPhoneSimulator.ActiveCfg = Release|Any CPU
		{FEA54FA8-A382-4B85-849F-7E3AAC692CAD}.AppStore|iPhoneSimulator.Build.0 = Release|Any CPU
		{FEA54FA8-A382-4B85-849F-7E3AAC692CAD}.AppStore|iPhoneSimulator.Deploy.0 = Release|Any CPU
		{FEA54FA8-A382-4B85-849F-7E3AAC692CAD}.AppStore|x64.ActiveCfg = Release|Any CPU
		{FEA54FA8-A382-4B85-849F-7E3AAC692CAD}.AppStore|x64.Build.0 = Release|Any CPU
		{FEA54FA8-A382-4B85-849F-7E3AAC692CAD}.AppStore|x64.Deploy.0 = Release|Any CPU
		{FEA54FA8-A382-4B85-849F-7E3AAC692CAD}.AppStore|x86.ActiveCfg = Release|Any CPU
		{FEA54FA8-A382-4B85-849F-7E3AAC692CAD}.AppStore|x86.Build.0 = Release|Any CPU
		{FEA54FA8-A382-4B85-849F-7E3AAC692CAD}.AppStore|x86.Deploy.0 = Release|Any CPU
		{FEA54FA8-A382-4B85-849F-7E3AAC692CAD}.Debug|Any CPU.ActiveCfg = Debug|Any CPU
		{FEA54FA8-A382-4B85-849F-7E3AAC692CAD}.Debug|Any CPU.Build.0 = Debug|Any CPU
		{FEA54FA8-A382-4B85-849F-7E3AAC692CAD}.Debug|Any CPU.Deploy.0 = Debug|Any CPU
		{FEA54FA8-A382-4B85-849F-7E3AAC692CAD}.Debug|ARM.ActiveCfg = Debug|Any CPU
		{FEA54FA8-A382-4B85-849F-7E3AAC692CAD}.Debug|ARM.Build.0 = Debug|Any CPU
		{FEA54FA8-A382-4B85-849F-7E3AAC692CAD}.Debug|ARM.Deploy.0 = Debug|Any CPU
		{FEA54FA8-A382-4B85-849F-7E3AAC692CAD}.Debug|iPhone.ActiveCfg = Debug|Any CPU
		{FEA54FA8-A382-4B85-849F-7E3AAC692CAD}.Debug|iPhone.Build.0 = Debug|Any CPU
		{FEA54FA8-A382-4B85-849F-7E3AAC692CAD}.Debug|iPhone.Deploy.0 = Debug|Any CPU
		{FEA54FA8-A382-4B85-849F-7E3AAC692CAD}.Debug|iPhoneSimulator.ActiveCfg = Debug|Any CPU
		{FEA54FA8-A382-4B85-849F-7E3AAC692CAD}.Debug|iPhoneSimulator.Build.0 = Debug|Any CPU
		{FEA54FA8-A382-4B85-849F-7E3AAC692CAD}.Debug|iPhoneSimulator.Deploy.0 = Debug|Any CPU
		{FEA54FA8-A382-4B85-849F-7E3AAC692CAD}.Debug|x64.ActiveCfg = Debug|Any CPU
		{FEA54FA8-A382-4B85-849F-7E3AAC692CAD}.Debug|x64.Build.0 = Debug|Any CPU
		{FEA54FA8-A382-4B85-849F-7E3AAC692CAD}.Debug|x64.Deploy.0 = Debug|Any CPU
		{FEA54FA8-A382-4B85-849F-7E3AAC692CAD}.Debug|x86.ActiveCfg = Debug|Any CPU
		{FEA54FA8-A382-4B85-849F-7E3AAC692CAD}.Debug|x86.Build.0 = Debug|Any CPU
		{FEA54FA8-A382-4B85-849F-7E3AAC692CAD}.Debug|x86.Deploy.0 = Debug|Any CPU
		{FEA54FA8-A382-4B85-849F-7E3AAC692CAD}.Release|Any CPU.ActiveCfg = Release|Any CPU
		{FEA54FA8-A382-4B85-849F-7E3AAC692CAD}.Release|Any CPU.Build.0 = Release|Any CPU
		{FEA54FA8-A382-4B85-849F-7E3AAC692CAD}.Release|Any CPU.Deploy.0 = Release|Any CPU
		{FEA54FA8-A382-4B85-849F-7E3AAC692CAD}.Release|ARM.ActiveCfg = Release|Any CPU
		{FEA54FA8-A382-4B85-849F-7E3AAC692CAD}.Release|ARM.Build.0 = Release|Any CPU
		{FEA54FA8-A382-4B85-849F-7E3AAC692CAD}.Release|ARM.Deploy.0 = Release|Any CPU
		{FEA54FA8-A382-4B85-849F-7E3AAC692CAD}.Release|iPhone.ActiveCfg = Release|Any CPU
		{FEA54FA8-A382-4B85-849F-7E3AAC692CAD}.Release|iPhone.Build.0 = Release|Any CPU
		{FEA54FA8-A382-4B85-849F-7E3AAC692CAD}.Release|iPhone.Deploy.0 = Release|Any CPU
		{FEA54FA8-A382-4B85-849F-7E3AAC692CAD}.Release|iPhoneSimulator.ActiveCfg = Release|Any CPU
		{FEA54FA8-A382-4B85-849F-7E3AAC692CAD}.Release|iPhoneSimulator.Build.0 = Release|Any CPU
		{FEA54FA8-A382-4B85-849F-7E3AAC692CAD}.Release|iPhoneSimulator.Deploy.0 = Release|Any CPU
		{FEA54FA8-A382-4B85-849F-7E3AAC692CAD}.Release|x64.ActiveCfg = Release|Any CPU
		{FEA54FA8-A382-4B85-849F-7E3AAC692CAD}.Release|x64.Build.0 = Release|Any CPU
		{FEA54FA8-A382-4B85-849F-7E3AAC692CAD}.Release|x64.Deploy.0 = Release|Any CPU
		{FEA54FA8-A382-4B85-849F-7E3AAC692CAD}.Release|x86.ActiveCfg = Release|Any CPU
		{FEA54FA8-A382-4B85-849F-7E3AAC692CAD}.Release|x86.Build.0 = Release|Any CPU
		{FEA54FA8-A382-4B85-849F-7E3AAC692CAD}.Release|x86.Deploy.0 = Release|Any CPU
		{24FE3F7B-4E7D-419E-87E3-C31C42EED796}.Ad-Hoc|Any CPU.ActiveCfg = Ad-Hoc|iPhone
		{24FE3F7B-4E7D-419E-87E3-C31C42EED796}.Ad-Hoc|ARM.ActiveCfg = Ad-Hoc|iPhone
		{24FE3F7B-4E7D-419E-87E3-C31C42EED796}.Ad-Hoc|iPhone.ActiveCfg = Ad-Hoc|iPhone
		{24FE3F7B-4E7D-419E-87E3-C31C42EED796}.Ad-Hoc|iPhone.Build.0 = Ad-Hoc|iPhone
		{24FE3F7B-4E7D-419E-87E3-C31C42EED796}.Ad-Hoc|iPhoneSimulator.ActiveCfg = Ad-Hoc|iPhoneSimulator
		{24FE3F7B-4E7D-419E-87E3-C31C42EED796}.Ad-Hoc|iPhoneSimulator.Build.0 = Ad-Hoc|iPhoneSimulator
		{24FE3F7B-4E7D-419E-87E3-C31C42EED796}.Ad-Hoc|x64.ActiveCfg = Ad-Hoc|iPhone
		{24FE3F7B-4E7D-419E-87E3-C31C42EED796}.Ad-Hoc|x86.ActiveCfg = Ad-Hoc|iPhone
		{24FE3F7B-4E7D-419E-87E3-C31C42EED796}.AppStore|Any CPU.ActiveCfg = AppStore|iPhone
		{24FE3F7B-4E7D-419E-87E3-C31C42EED796}.AppStore|ARM.ActiveCfg = AppStore|iPhone
		{24FE3F7B-4E7D-419E-87E3-C31C42EED796}.AppStore|iPhone.ActiveCfg = AppStore|iPhone
		{24FE3F7B-4E7D-419E-87E3-C31C42EED796}.AppStore|iPhone.Build.0 = AppStore|iPhone
		{24FE3F7B-4E7D-419E-87E3-C31C42EED796}.AppStore|iPhoneSimulator.ActiveCfg = AppStore|iPhoneSimulator
		{24FE3F7B-4E7D-419E-87E3-C31C42EED796}.AppStore|iPhoneSimulator.Build.0 = AppStore|iPhoneSimulator
		{24FE3F7B-4E7D-419E-87E3-C31C42EED796}.AppStore|x64.ActiveCfg = AppStore|iPhone
		{24FE3F7B-4E7D-419E-87E3-C31C42EED796}.AppStore|x86.ActiveCfg = AppStore|iPhone
		{24FE3F7B-4E7D-419E-87E3-C31C42EED796}.Debug|Any CPU.ActiveCfg = Debug|iPhone
		{24FE3F7B-4E7D-419E-87E3-C31C42EED796}.Debug|ARM.ActiveCfg = Debug|iPhone
		{24FE3F7B-4E7D-419E-87E3-C31C42EED796}.Debug|iPhone.ActiveCfg = Debug|iPhone
		{24FE3F7B-4E7D-419E-87E3-C31C42EED796}.Debug|iPhone.Build.0 = Debug|iPhone
		{24FE3F7B-4E7D-419E-87E3-C31C42EED796}.Debug|iPhoneSimulator.ActiveCfg = Debug|iPhoneSimulator
		{24FE3F7B-4E7D-419E-87E3-C31C42EED796}.Debug|iPhoneSimulator.Build.0 = Debug|iPhoneSimulator
		{24FE3F7B-4E7D-419E-87E3-C31C42EED796}.Debug|x64.ActiveCfg = Debug|iPhone
		{24FE3F7B-4E7D-419E-87E3-C31C42EED796}.Debug|x86.ActiveCfg = Debug|iPhone
		{24FE3F7B-4E7D-419E-87E3-C31C42EED796}.Release|Any CPU.ActiveCfg = Release|iPhone
		{24FE3F7B-4E7D-419E-87E3-C31C42EED796}.Release|ARM.ActiveCfg = Release|iPhone
		{24FE3F7B-4E7D-419E-87E3-C31C42EED796}.Release|iPhone.ActiveCfg = Release|iPhone
		{24FE3F7B-4E7D-419E-87E3-C31C42EED796}.Release|iPhone.Build.0 = Release|iPhone
		{24FE3F7B-4E7D-419E-87E3-C31C42EED796}.Release|iPhoneSimulator.ActiveCfg = Release|iPhoneSimulator
		{24FE3F7B-4E7D-419E-87E3-C31C42EED796}.Release|iPhoneSimulator.Build.0 = Release|iPhoneSimulator
		{24FE3F7B-4E7D-419E-87E3-C31C42EED796}.Release|x64.ActiveCfg = Release|iPhone
		{24FE3F7B-4E7D-419E-87E3-C31C42EED796}.Release|x86.ActiveCfg = Release|iPhone
		{B43A54B9-77E6-4D35-A63F-1B43DE26427E}.Ad-Hoc|Any CPU.ActiveCfg = Release|x86
		{B43A54B9-77E6-4D35-A63F-1B43DE26427E}.Ad-Hoc|Any CPU.Build.0 = Release|x86
		{B43A54B9-77E6-4D35-A63F-1B43DE26427E}.Ad-Hoc|Any CPU.Deploy.0 = Release|x86
		{B43A54B9-77E6-4D35-A63F-1B43DE26427E}.Ad-Hoc|ARM.ActiveCfg = Release|ARM
		{B43A54B9-77E6-4D35-A63F-1B43DE26427E}.Ad-Hoc|ARM.Build.0 = Release|ARM
		{B43A54B9-77E6-4D35-A63F-1B43DE26427E}.Ad-Hoc|ARM.Deploy.0 = Release|ARM
		{B43A54B9-77E6-4D35-A63F-1B43DE26427E}.Ad-Hoc|iPhone.ActiveCfg = Release|x86
		{B43A54B9-77E6-4D35-A63F-1B43DE26427E}.Ad-Hoc|iPhone.Build.0 = Release|x86
		{B43A54B9-77E6-4D35-A63F-1B43DE26427E}.Ad-Hoc|iPhone.Deploy.0 = Release|x86
		{B43A54B9-77E6-4D35-A63F-1B43DE26427E}.Ad-Hoc|iPhoneSimulator.ActiveCfg = Release|x86
		{B43A54B9-77E6-4D35-A63F-1B43DE26427E}.Ad-Hoc|iPhoneSimulator.Build.0 = Release|x86
		{B43A54B9-77E6-4D35-A63F-1B43DE26427E}.Ad-Hoc|iPhoneSimulator.Deploy.0 = Release|x86
		{B43A54B9-77E6-4D35-A63F-1B43DE26427E}.Ad-Hoc|x64.ActiveCfg = Release|x64
		{B43A54B9-77E6-4D35-A63F-1B43DE26427E}.Ad-Hoc|x64.Build.0 = Release|x64
		{B43A54B9-77E6-4D35-A63F-1B43DE26427E}.Ad-Hoc|x64.Deploy.0 = Release|x64
		{B43A54B9-77E6-4D35-A63F-1B43DE26427E}.Ad-Hoc|x86.ActiveCfg = Release|x86
		{B43A54B9-77E6-4D35-A63F-1B43DE26427E}.Ad-Hoc|x86.Build.0 = Release|x86
		{B43A54B9-77E6-4D35-A63F-1B43DE26427E}.Ad-Hoc|x86.Deploy.0 = Release|x86
		{B43A54B9-77E6-4D35-A63F-1B43DE26427E}.AppStore|Any CPU.ActiveCfg = Release|x86
		{B43A54B9-77E6-4D35-A63F-1B43DE26427E}.AppStore|Any CPU.Build.0 = Release|x86
		{B43A54B9-77E6-4D35-A63F-1B43DE26427E}.AppStore|Any CPU.Deploy.0 = Release|x86
		{B43A54B9-77E6-4D35-A63F-1B43DE26427E}.AppStore|ARM.ActiveCfg = Release|ARM
		{B43A54B9-77E6-4D35-A63F-1B43DE26427E}.AppStore|ARM.Build.0 = Release|ARM
		{B43A54B9-77E6-4D35-A63F-1B43DE26427E}.AppStore|ARM.Deploy.0 = Release|ARM
		{B43A54B9-77E6-4D35-A63F-1B43DE26427E}.AppStore|iPhone.ActiveCfg = Release|x86
		{B43A54B9-77E6-4D35-A63F-1B43DE26427E}.AppStore|iPhone.Build.0 = Release|x86
		{B43A54B9-77E6-4D35-A63F-1B43DE26427E}.AppStore|iPhone.Deploy.0 = Release|x86
		{B43A54B9-77E6-4D35-A63F-1B43DE26427E}.AppStore|iPhoneSimulator.ActiveCfg = Release|x86
		{B43A54B9-77E6-4D35-A63F-1B43DE26427E}.AppStore|iPhoneSimulator.Build.0 = Release|x86
		{B43A54B9-77E6-4D35-A63F-1B43DE26427E}.AppStore|iPhoneSimulator.Deploy.0 = Release|x86
		{B43A54B9-77E6-4D35-A63F-1B43DE26427E}.AppStore|x64.ActiveCfg = Release|x64
		{B43A54B9-77E6-4D35-A63F-1B43DE26427E}.AppStore|x64.Build.0 = Release|x64
		{B43A54B9-77E6-4D35-A63F-1B43DE26427E}.AppStore|x64.Deploy.0 = Release|x64
		{B43A54B9-77E6-4D35-A63F-1B43DE26427E}.AppStore|x86.ActiveCfg = Release|x86
		{B43A54B9-77E6-4D35-A63F-1B43DE26427E}.AppStore|x86.Build.0 = Release|x86
		{B43A54B9-77E6-4D35-A63F-1B43DE26427E}.AppStore|x86.Deploy.0 = Release|x86
		{B43A54B9-77E6-4D35-A63F-1B43DE26427E}.Debug|Any CPU.ActiveCfg = Debug|x86
		{B43A54B9-77E6-4D35-A63F-1B43DE26427E}.Debug|ARM.ActiveCfg = Debug|ARM
		{B43A54B9-77E6-4D35-A63F-1B43DE26427E}.Debug|ARM.Build.0 = Debug|ARM
		{B43A54B9-77E6-4D35-A63F-1B43DE26427E}.Debug|ARM.Deploy.0 = Debug|ARM
		{B43A54B9-77E6-4D35-A63F-1B43DE26427E}.Debug|iPhone.ActiveCfg = Debug|x86
		{B43A54B9-77E6-4D35-A63F-1B43DE26427E}.Debug|iPhoneSimulator.ActiveCfg = Debug|x86
		{B43A54B9-77E6-4D35-A63F-1B43DE26427E}.Debug|x64.ActiveCfg = Debug|x64
		{B43A54B9-77E6-4D35-A63F-1B43DE26427E}.Debug|x64.Build.0 = Debug|x64
		{B43A54B9-77E6-4D35-A63F-1B43DE26427E}.Debug|x64.Deploy.0 = Debug|x64
		{B43A54B9-77E6-4D35-A63F-1B43DE26427E}.Debug|x86.ActiveCfg = Debug|x86
		{B43A54B9-77E6-4D35-A63F-1B43DE26427E}.Debug|x86.Build.0 = Debug|x86
		{B43A54B9-77E6-4D35-A63F-1B43DE26427E}.Debug|x86.Deploy.0 = Debug|x86
		{B43A54B9-77E6-4D35-A63F-1B43DE26427E}.Release|Any CPU.ActiveCfg = Release|x86
		{B43A54B9-77E6-4D35-A63F-1B43DE26427E}.Release|ARM.ActiveCfg = Release|ARM
		{B43A54B9-77E6-4D35-A63F-1B43DE26427E}.Release|ARM.Build.0 = Release|ARM
		{B43A54B9-77E6-4D35-A63F-1B43DE26427E}.Release|ARM.Deploy.0 = Release|ARM
		{B43A54B9-77E6-4D35-A63F-1B43DE26427E}.Release|iPhone.ActiveCfg = Release|x86
		{B43A54B9-77E6-4D35-A63F-1B43DE26427E}.Release|iPhoneSimulator.ActiveCfg = Release|x86
		{B43A54B9-77E6-4D35-A63F-1B43DE26427E}.Release|x64.ActiveCfg = Release|x64
		{B43A54B9-77E6-4D35-A63F-1B43DE26427E}.Release|x64.Build.0 = Release|x64
		{B43A54B9-77E6-4D35-A63F-1B43DE26427E}.Release|x64.Deploy.0 = Release|x64
		{B43A54B9-77E6-4D35-A63F-1B43DE26427E}.Release|x86.ActiveCfg = Release|x86
		{B43A54B9-77E6-4D35-A63F-1B43DE26427E}.Release|x86.Build.0 = Release|x86
		{B43A54B9-77E6-4D35-A63F-1B43DE26427E}.Release|x86.Deploy.0 = Release|x86
		{BD4C7E3C-0A91-4C8B-B4A7-E556ACAFC7CE}.Ad-Hoc|Any CPU.ActiveCfg = Debug|Any CPU
		{BD4C7E3C-0A91-4C8B-B4A7-E556ACAFC7CE}.Ad-Hoc|Any CPU.Build.0 = Debug|Any CPU
		{BD4C7E3C-0A91-4C8B-B4A7-E556ACAFC7CE}.Ad-Hoc|ARM.ActiveCfg = Debug|Any CPU
		{BD4C7E3C-0A91-4C8B-B4A7-E556ACAFC7CE}.Ad-Hoc|ARM.Build.0 = Debug|Any CPU
		{BD4C7E3C-0A91-4C8B-B4A7-E556ACAFC7CE}.Ad-Hoc|iPhone.ActiveCfg = Debug|Any CPU
		{BD4C7E3C-0A91-4C8B-B4A7-E556ACAFC7CE}.Ad-Hoc|iPhone.Build.0 = Debug|Any CPU
		{BD4C7E3C-0A91-4C8B-B4A7-E556ACAFC7CE}.Ad-Hoc|iPhoneSimulator.ActiveCfg = Debug|Any CPU
		{BD4C7E3C-0A91-4C8B-B4A7-E556ACAFC7CE}.Ad-Hoc|iPhoneSimulator.Build.0 = Debug|Any CPU
		{BD4C7E3C-0A91-4C8B-B4A7-E556ACAFC7CE}.Ad-Hoc|x64.ActiveCfg = Debug|Any CPU
		{BD4C7E3C-0A91-4C8B-B4A7-E556ACAFC7CE}.Ad-Hoc|x64.Build.0 = Debug|Any CPU
		{BD4C7E3C-0A91-4C8B-B4A7-E556ACAFC7CE}.Ad-Hoc|x86.ActiveCfg = Debug|Any CPU
		{BD4C7E3C-0A91-4C8B-B4A7-E556ACAFC7CE}.Ad-Hoc|x86.Build.0 = Debug|Any CPU
		{BD4C7E3C-0A91-4C8B-B4A7-E556ACAFC7CE}.AppStore|Any CPU.ActiveCfg = Debug|Any CPU
		{BD4C7E3C-0A91-4C8B-B4A7-E556ACAFC7CE}.AppStore|Any CPU.Build.0 = Debug|Any CPU
		{BD4C7E3C-0A91-4C8B-B4A7-E556ACAFC7CE}.AppStore|ARM.ActiveCfg = Debug|Any CPU
		{BD4C7E3C-0A91-4C8B-B4A7-E556ACAFC7CE}.AppStore|ARM.Build.0 = Debug|Any CPU
		{BD4C7E3C-0A91-4C8B-B4A7-E556ACAFC7CE}.AppStore|iPhone.ActiveCfg = Debug|Any CPU
		{BD4C7E3C-0A91-4C8B-B4A7-E556ACAFC7CE}.AppStore|iPhone.Build.0 = Debug|Any CPU
		{BD4C7E3C-0A91-4C8B-B4A7-E556ACAFC7CE}.AppStore|iPhoneSimulator.ActiveCfg = Debug|Any CPU
		{BD4C7E3C-0A91-4C8B-B4A7-E556ACAFC7CE}.AppStore|iPhoneSimulator.Build.0 = Debug|Any CPU
		{BD4C7E3C-0A91-4C8B-B4A7-E556ACAFC7CE}.AppStore|x64.ActiveCfg = Debug|Any CPU
		{BD4C7E3C-0A91-4C8B-B4A7-E556ACAFC7CE}.AppStore|x64.Build.0 = Debug|Any CPU
		{BD4C7E3C-0A91-4C8B-B4A7-E556ACAFC7CE}.AppStore|x86.ActiveCfg = Debug|Any CPU
		{BD4C7E3C-0A91-4C8B-B4A7-E556ACAFC7CE}.AppStore|x86.Build.0 = Debug|Any CPU
		{BD4C7E3C-0A91-4C8B-B4A7-E556ACAFC7CE}.Debug|Any CPU.ActiveCfg = Debug|Any CPU
		{BD4C7E3C-0A91-4C8B-B4A7-E556ACAFC7CE}.Debug|Any CPU.Build.0 = Debug|Any CPU
		{BD4C7E3C-0A91-4C8B-B4A7-E556ACAFC7CE}.Debug|ARM.ActiveCfg = Debug|Any CPU
		{BD4C7E3C-0A91-4C8B-B4A7-E556ACAFC7CE}.Debug|ARM.Build.0 = Debug|Any CPU
		{BD4C7E3C-0A91-4C8B-B4A7-E556ACAFC7CE}.Debug|iPhone.ActiveCfg = Debug|Any CPU
		{BD4C7E3C-0A91-4C8B-B4A7-E556ACAFC7CE}.Debug|iPhone.Build.0 = Debug|Any CPU
		{BD4C7E3C-0A91-4C8B-B4A7-E556ACAFC7CE}.Debug|iPhoneSimulator.ActiveCfg = Debug|Any CPU
		{BD4C7E3C-0A91-4C8B-B4A7-E556ACAFC7CE}.Debug|iPhoneSimulator.Build.0 = Debug|Any CPU
		{BD4C7E3C-0A91-4C8B-B4A7-E556ACAFC7CE}.Debug|x64.ActiveCfg = Debug|Any CPU
		{BD4C7E3C-0A91-4C8B-B4A7-E556ACAFC7CE}.Debug|x64.Build.0 = Debug|Any CPU
		{BD4C7E3C-0A91-4C8B-B4A7-E556ACAFC7CE}.Debug|x86.ActiveCfg = Debug|Any CPU
		{BD4C7E3C-0A91-4C8B-B4A7-E556ACAFC7CE}.Debug|x86.Build.0 = Debug|Any CPU
		{BD4C7E3C-0A91-4C8B-B4A7-E556ACAFC7CE}.Release|Any CPU.ActiveCfg = Release|Any CPU
		{BD4C7E3C-0A91-4C8B-B4A7-E556ACAFC7CE}.Release|Any CPU.Build.0 = Release|Any CPU
		{BD4C7E3C-0A91-4C8B-B4A7-E556ACAFC7CE}.Release|ARM.ActiveCfg = Release|Any CPU
		{BD4C7E3C-0A91-4C8B-B4A7-E556ACAFC7CE}.Release|ARM.Build.0 = Release|Any CPU
		{BD4C7E3C-0A91-4C8B-B4A7-E556ACAFC7CE}.Release|iPhone.ActiveCfg = Release|Any CPU
		{BD4C7E3C-0A91-4C8B-B4A7-E556ACAFC7CE}.Release|iPhone.Build.0 = Release|Any CPU
		{BD4C7E3C-0A91-4C8B-B4A7-E556ACAFC7CE}.Release|iPhoneSimulator.ActiveCfg = Release|Any CPU
		{BD4C7E3C-0A91-4C8B-B4A7-E556ACAFC7CE}.Release|iPhoneSimulator.Build.0 = Release|Any CPU
		{BD4C7E3C-0A91-4C8B-B4A7-E556ACAFC7CE}.Release|x64.ActiveCfg = Release|Any CPU
		{BD4C7E3C-0A91-4C8B-B4A7-E556ACAFC7CE}.Release|x64.Build.0 = Release|Any CPU
		{BD4C7E3C-0A91-4C8B-B4A7-E556ACAFC7CE}.Release|x86.ActiveCfg = Release|Any CPU
		{BD4C7E3C-0A91-4C8B-B4A7-E556ACAFC7CE}.Release|x86.Build.0 = Release|Any CPU
	EndGlobalSection
	GlobalSection(SolutionProperties) = preSolution
		HideSolutionNode = FALSE
	EndGlobalSection
	GlobalSection(ExtensibilityGlobals) = postSolution
		SolutionGuid = {07C973F9-D6DB-4EF0-AB55-E1A2C8D91443}
	EndGlobalSection
EndGlobal
